
Microsoft Visual Studio Solution File, Format Version 12.00
# Visual Studio Version 17
VisualStudioVersion = 17.5.33424.131
MinimumVisualStudioVersion = 10.0.40219.1
Project("{FAE04EC0-301F-11D3-BF4B-00C04F79EFBC}") = "Calculadora.AP", "Calculadora.AP.csproj", "{DD06B4E0-7251-4D6F-A58D-112543026AFB}"
EndProject
Global
	GlobalSection(SolutionConfigurationPlatforms) = preSolution
		Debug|Any CPU = Debug|Any CPU
		Release|Any CPU = Release|Any CPU
	EndGlobalSection
	GlobalSection(ProjectConfigurationPlatforms) = postSolution
		{DD06B4E0-7251-4D6F-A58D-112543026AFB}.Debug|Any CPU.ActiveCfg = Debug|Any CPU
		{DD06B4E0-7251-4D6F-A58D-112543026AFB}.Debug|Any CPU.Build.0 = Debug|Any CPU
		{DD06B4E0-7251-4D6F-A58D-112543026AFB}.Release|Any CPU.ActiveCfg = Release|Any CPU
		{DD06B4E0-7251-4D6F-A58D-112543026AFB}.Release|Any CPU.Build.0 = Release|Any CPU
	EndGlobalSection
	GlobalSection(SolutionProperties) = preSolution
		HideSolutionNode = FALSE
	EndGlobalSection
	GlobalSection(ExtensibilityGlobals) = postSolution
		SolutionGuid = {24146C26-6EA8-4FBA-9ACD-81C6FCEB4CB0}
	EndGlobalSection
EndGlobal
